
Microsoft Visual Studio Solution File, Format Version 12.00
# Visual Studio 15
VisualStudioVersion = 15.0.27703.2026
MinimumVisualStudioVersion = 10.0.40219.1
Project("{FAE04EC0-301F-11D3-BF4B-00C04F79EFBC}") = "WebAPIService", "WebAPIService\WebAPIService.csproj", "{E0D3BA14-8B4A-4D2B-8ABC-FDF531AEE467}"
EndProject
Project("{FAE04EC0-301F-11D3-BF4B-00C04F79EFBC}") = "Common", "Common\Common.csproj", "{FEA0B662-185B-460B-8B09-ECECCC69C563}"
EndProject
Project("{2150E333-8FDC-42A3-9474-1A3956D46DE8}") = "CRM", "CRM", "{59B38858-739C-46C7-A6CB-4D03DF0551BF}"
EndProject
Project("{FAE04EC0-301F-11D3-BF4B-00C04F79EFBC}") = "CRM.Common", "CRM.Common\CRM.Common.csproj", "{0678E1CD-03FC-4658-B5FC-9C5C65AFC3DC}"
EndProject
Project("{FAE04EC0-301F-11D3-BF4B-00C04F79EFBC}") = "CRM.BL", "CRM.BL\CRM.BL.csproj", "{F5B80959-41E5-45C7-9AA3-D4D02662C9AC}"
EndProject
Project("{2150E333-8FDC-42A3-9474-1A3956D46DE8}") = "Invoice", "Invoice", "{D5191B95-6DA7-4C73-BEFB-5EB66B189CCB}"
EndProject
Project("{FAE04EC0-301F-11D3-BF4B-00C04F79EFBC}") = "DAL", "DAL\DAL.csproj", "{580DFBC0-3556-45AD-B6EC-51754F2664F2}"
EndProject
Project("{FAE04EC0-301F-11D3-BF4B-00C04F79EFBC}") = "CRM.DAL", "CRM.DAL\CRM.DAL.csproj", "{7E345EC8-408A-4255-962B-4F243CA488AF}"
EndProject
Project("{FAE04EC0-301F-11D3-BF4B-00C04F79EFBC}") = "Test", "Test\Test.csproj", "{BAC3C185-DFAE-498F-8A0A-BFED6EE38C57}"
EndProject
Project("{FAE04EC0-301F-11D3-BF4B-00C04F79EFBC}") = "Log", "Log\Log.csproj", "{5E214195-8AB5-4EA0-BD39-4130C939CEC1}"
EndProject
Project("{FAE04EC0-301F-11D3-BF4B-00C04F79EFBC}") = "Invoice.BL", "Invoice.BL\Invoice.BL.csproj", "{8D239DD7-6D94-4C59-B762-6A2DB58288D3}"
EndProject
Project("{FAE04EC0-301F-11D3-BF4B-00C04F79EFBC}") = "Invoice.Common", "Invoice.Common\Invoice.Common.csproj", "{766D1534-CC10-45D0-9E02-E780278CB8C5}"
EndProject
Project("{FAE04EC0-301F-11D3-BF4B-00C04F79EFBC}") = "Invoice.DAL", "Invoice.DAL\Invoice.DAL.csproj", "{234E05FB-1249-4C72-ACA8-EC19E25725A8}"
EndProject
Project("{2150E333-8FDC-42A3-9474-1A3956D46DE8}") = "ttt", "ttt", "{7EE3F1C9-A615-48DB-B8B8-9C11645F7425}"
EndProject
Global
	GlobalSection(SolutionConfigurationPlatforms) = preSolution
		Debug|Any CPU = Debug|Any CPU
		Debug|ARM = Debug|ARM
		Debug|x64 = Debug|x64
		Debug|x86 = Debug|x86
		Release|Any CPU = Release|Any CPU
		Release|ARM = Release|ARM
		Release|x64 = Release|x64
		Release|x86 = Release|x86
	EndGlobalSection
	GlobalSection(ProjectConfigurationPlatforms) = postSolution
		{E0D3BA14-8B4A-4D2B-8ABC-FDF531AEE467}.Debug|Any CPU.ActiveCfg = Debug|Any CPU
		{E0D3BA14-8B4A-4D2B-8ABC-FDF531AEE467}.Debug|Any CPU.Build.0 = Debug|Any CPU
		{E0D3BA14-8B4A-4D2B-8ABC-FDF531AEE467}.Debug|ARM.ActiveCfg = Debug|Any CPU
		{E0D3BA14-8B4A-4D2B-8ABC-FDF531AEE467}.Debug|ARM.Build.0 = Debug|Any CPU
		{E0D3BA14-8B4A-4D2B-8ABC-FDF531AEE467}.Debug|x64.ActiveCfg = Debug|Any CPU
		{E0D3BA14-8B4A-4D2B-8ABC-FDF531AEE467}.Debug|x64.Build.0 = Debug|Any CPU
		{E0D3BA14-8B4A-4D2B-8ABC-FDF531AEE467}.Debug|x86.ActiveCfg = Debug|Any CPU
		{E0D3BA14-8B4A-4D2B-8ABC-FDF531AEE467}.Debug|x86.Build.0 = Debug|Any CPU
		{E0D3BA14-8B4A-4D2B-8ABC-FDF531AEE467}.Release|Any CPU.ActiveCfg = Release|Any CPU
		{E0D3BA14-8B4A-4D2B-8ABC-FDF531AEE467}.Release|Any CPU.Build.0 = Release|Any CPU
		{E0D3BA14-8B4A-4D2B-8ABC-FDF531AEE467}.Release|ARM.ActiveCfg = Release|Any CPU
		{E0D3BA14-8B4A-4D2B-8ABC-FDF531AEE467}.Release|ARM.Build.0 = Release|Any CPU
		{E0D3BA14-8B4A-4D2B-8ABC-FDF531AEE467}.Release|x64.ActiveCfg = Release|Any CPU
		{E0D3BA14-8B4A-4D2B-8ABC-FDF531AEE467}.Release|x64.Build.0 = Release|Any CPU
		{E0D3BA14-8B4A-4D2B-8ABC-FDF531AEE467}.Release|x86.ActiveCfg = Release|Any CPU
		{E0D3BA14-8B4A-4D2B-8ABC-FDF531AEE467}.Release|x86.Build.0 = Release|Any CPU
		{FEA0B662-185B-460B-8B09-ECECCC69C563}.Debug|Any CPU.ActiveCfg = Debug|Any CPU
		{FEA0B662-185B-460B-8B09-ECECCC69C563}.Debug|Any CPU.Build.0 = Debug|Any CPU
		{FEA0B662-185B-460B-8B09-ECECCC69C563}.Debug|ARM.ActiveCfg = Debug|Any CPU
		{FEA0B662-185B-460B-8B09-ECECCC69C563}.Debug|ARM.Build.0 = Debug|Any CPU
		{FEA0B662-185B-460B-8B09-ECECCC69C563}.Debug|x64.ActiveCfg = Debug|Any CPU
		{FEA0B662-185B-460B-8B09-ECECCC69C563}.Debug|x64.Build.0 = Debug|Any CPU
		{FEA0B662-185B-460B-8B09-ECECCC69C563}.Debug|x86.ActiveCfg = Debug|Any CPU
		{FEA0B662-185B-460B-8B09-ECECCC69C563}.Debug|x86.Build.0 = Debug|Any CPU
		{FEA0B662-185B-460B-8B09-ECECCC69C563}.Release|Any CPU.ActiveCfg = Release|Any CPU
		{FEA0B662-185B-460B-8B09-ECECCC69C563}.Release|Any CPU.Build.0 = Release|Any CPU
		{FEA0B662-185B-460B-8B09-ECECCC69C563}.Release|ARM.ActiveCfg = Release|Any CPU
		{FEA0B662-185B-460B-8B09-ECECCC69C563}.Release|ARM.Build.0 = Release|Any CPU
		{FEA0B662-185B-460B-8B09-ECECCC69C563}.Release|x64.ActiveCfg = Release|Any CPU
		{FEA0B662-185B-460B-8B09-ECECCC69C563}.Release|x64.Build.0 = Release|Any CPU
		{FEA0B662-185B-460B-8B09-ECECCC69C563}.Release|x86.ActiveCfg = Release|Any CPU
		{FEA0B662-185B-460B-8B09-ECECCC69C563}.Release|x86.Build.0 = Release|Any CPU
		{0678E1CD-03FC-4658-B5FC-9C5C65AFC3DC}.Debug|Any CPU.ActiveCfg = Debug|Any CPU
		{0678E1CD-03FC-4658-B5FC-9C5C65AFC3DC}.Debug|Any CPU.Build.0 = Debug|Any CPU
		{0678E1CD-03FC-4658-B5FC-9C5C65AFC3DC}.Debug|ARM.ActiveCfg = Debug|Any CPU
		{0678E1CD-03FC-4658-B5FC-9C5C65AFC3DC}.Debug|ARM.Build.0 = Debug|Any CPU
		{0678E1CD-03FC-4658-B5FC-9C5C65AFC3DC}.Debug|x64.ActiveCfg = Debug|Any CPU
		{0678E1CD-03FC-4658-B5FC-9C5C65AFC3DC}.Debug|x64.Build.0 = Debug|Any CPU
		{0678E1CD-03FC-4658-B5FC-9C5C65AFC3DC}.Debug|x86.ActiveCfg = Debug|Any CPU
		{0678E1CD-03FC-4658-B5FC-9C5C65AFC3DC}.Debug|x86.Build.0 = Debug|Any CPU
		{0678E1CD-03FC-4658-B5FC-9C5C65AFC3DC}.Release|Any CPU.ActiveCfg = Release|Any CPU
		{0678E1CD-03FC-4658-B5FC-9C5C65AFC3DC}.Release|Any CPU.Build.0 = Release|Any CPU
		{0678E1CD-03FC-4658-B5FC-9C5C65AFC3DC}.Release|ARM.ActiveCfg = Release|Any CPU
		{0678E1CD-03FC-4658-B5FC-9C5C65AFC3DC}.Release|ARM.Build.0 = Release|Any CPU
		{0678E1CD-03FC-4658-B5FC-9C5C65AFC3DC}.Release|x64.ActiveCfg = Release|Any CPU
		{0678E1CD-03FC-4658-B5FC-9C5C65AFC3DC}.Release|x64.Build.0 = Release|Any CPU
		{0678E1CD-03FC-4658-B5FC-9C5C65AFC3DC}.Release|x86.ActiveCfg = Release|Any CPU
		{0678E1CD-03FC-4658-B5FC-9C5C65AFC3DC}.Release|x86.Build.0 = Release|Any CPU
		{F5B80959-41E5-45C7-9AA3-D4D02662C9AC}.Debug|Any CPU.ActiveCfg = Debug|Any CPU
		{F5B80959-41E5-45C7-9AA3-D4D02662C9AC}.Debug|Any CPU.Build.0 = Debug|Any CPU
		{F5B80959-41E5-45C7-9AA3-D4D02662C9AC}.Debug|ARM.ActiveCfg = Debug|Any CPU
		{F5B80959-41E5-45C7-9AA3-D4D02662C9AC}.Debug|ARM.Build.0 = Debug|Any CPU
		{F5B80959-41E5-45C7-9AA3-D4D02662C9AC}.Debug|x64.ActiveCfg = Debug|Any CPU
		{F5B80959-41E5-45C7-9AA3-D4D02662C9AC}.Debug|x64.Build.0 = Debug|Any CPU
		{F5B80959-41E5-45C7-9AA3-D4D02662C9AC}.Debug|x86.ActiveCfg = Debug|Any CPU
		{F5B80959-41E5-45C7-9AA3-D4D02662C9AC}.Debug|x86.Build.0 = Debug|Any CPU
		{F5B80959-41E5-45C7-9AA3-D4D02662C9AC}.Release|Any CPU.ActiveCfg = Release|Any CPU
		{F5B80959-41E5-45C7-9AA3-D4D02662C9AC}.Release|Any CPU.Build.0 = Release|Any CPU
		{F5B80959-41E5-45C7-9AA3-D4D02662C9AC}.Release|ARM.ActiveCfg = Release|Any CPU
		{F5B80959-41E5-45C7-9AA3-D4D02662C9AC}.Release|ARM.Build.0 = Release|Any CPU
		{F5B80959-41E5-45C7-9AA3-D4D02662C9AC}.Release|x64.ActiveCfg = Release|Any CPU
		{F5B80959-41E5-45C7-9AA3-D4D02662C9AC}.Release|x64.Build.0 = Release|Any CPU
		{F5B80959-41E5-45C7-9AA3-D4D02662C9AC}.Release|x86.ActiveCfg = Release|Any CPU
		{F5B80959-41E5-45C7-9AA3-D4D02662C9AC}.Release|x86.Build.0 = Release|Any CPU
		{580DFBC0-3556-45AD-B6EC-51754F2664F2}.Debug|Any CPU.ActiveCfg = Debug|Any CPU
		{580DFBC0-3556-45AD-B6EC-51754F2664F2}.Debug|Any CPU.Build.0 = Debug|Any CPU
		{580DFBC0-3556-45AD-B6EC-51754F2664F2}.Debug|ARM.ActiveCfg = Debug|Any CPU
		{580DFBC0-3556-45AD-B6EC-51754F2664F2}.Debug|ARM.Build.0 = Debug|Any CPU
		{580DFBC0-3556-45AD-B6EC-51754F2664F2}.Debug|x64.ActiveCfg = Debug|Any CPU
		{580DFBC0-3556-45AD-B6EC-51754F2664F2}.Debug|x64.Build.0 = Debug|Any CPU
		{580DFBC0-3556-45AD-B6EC-51754F2664F2}.Debug|x86.ActiveCfg = Debug|Any CPU
		{580DFBC0-3556-45AD-B6EC-51754F2664F2}.Debug|x86.Build.0 = Debug|Any CPU
		{580DFBC0-3556-45AD-B6EC-51754F2664F2}.Release|Any CPU.ActiveCfg = Release|Any CPU
		{580DFBC0-3556-45AD-B6EC-51754F2664F2}.Release|Any CPU.Build.0 = Release|Any CPU
		{580DFBC0-3556-45AD-B6EC-51754F2664F2}.Release|ARM.ActiveCfg = Release|Any CPU
		{580DFBC0-3556-45AD-B6EC-51754F2664F2}.Release|ARM.Build.0 = Release|Any CPU
		{580DFBC0-3556-45AD-B6EC-51754F2664F2}.Release|x64.ActiveCfg = Release|Any CPU
		{580DFBC0-3556-45AD-B6EC-51754F2664F2}.Release|x64.Build.0 = Release|Any CPU
		{580DFBC0-3556-45AD-B6EC-51754F2664F2}.Release|x86.ActiveCfg = Release|Any CPU
		{580DFBC0-3556-45AD-B6EC-51754F2664F2}.Release|x86.Build.0 = Release|Any CPU
		{7E345EC8-408A-4255-962B-4F243CA488AF}.Debug|Any CPU.ActiveCfg = Debug|Any CPU
		{7E345EC8-408A-4255-962B-4F243CA488AF}.Debug|Any CPU.Build.0 = Debug|Any CPU
		{7E345EC8-408A-4255-962B-4F243CA488AF}.Debug|ARM.ActiveCfg = Debug|Any CPU
		{7E345EC8-408A-4255-962B-4F243CA488AF}.Debug|ARM.Build.0 = Debug|Any CPU
		{7E345EC8-408A-4255-962B-4F243CA488AF}.Debug|x64.ActiveCfg = Debug|Any CPU
		{7E345EC8-408A-4255-962B-4F243CA488AF}.Debug|x64.Build.0 = Debug|Any CPU
		{7E345EC8-408A-4255-962B-4F243CA488AF}.Debug|x86.ActiveCfg = Debug|Any CPU
		{7E345EC8-408A-4255-962B-4F243CA488AF}.Debug|x86.Build.0 = Debug|Any CPU
		{7E345EC8-408A-4255-962B-4F243CA488AF}.Release|Any CPU.ActiveCfg = Release|Any CPU
		{7E345EC8-408A-4255-962B-4F243CA488AF}.Release|Any CPU.Build.0 = Release|Any CPU
		{7E345EC8-408A-4255-962B-4F243CA488AF}.Release|ARM.ActiveCfg = Release|Any CPU
		{7E345EC8-408A-4255-962B-4F243CA488AF}.Release|ARM.Build.0 = Release|Any CPU
		{7E345EC8-408A-4255-962B-4F243CA488AF}.Release|x64.ActiveCfg = Release|Any CPU
		{7E345EC8-408A-4255-962B-4F243CA488AF}.Release|x64.Build.0 = Release|Any CPU
		{7E345EC8-408A-4255-962B-4F243CA488AF}.Release|x86.ActiveCfg = Release|Any CPU
		{7E345EC8-408A-4255-962B-4F243CA488AF}.Release|x86.Build.0 = Release|Any CPU
		{BAC3C185-DFAE-498F-8A0A-BFED6EE38C57}.Debug|Any CPU.ActiveCfg = Debug|Any CPU
		{BAC3C185-DFAE-498F-8A0A-BFED6EE38C57}.Debug|Any CPU.Build.0 = Debug|Any CPU
		{BAC3C185-DFAE-498F-8A0A-BFED6EE38C57}.Debug|ARM.ActiveCfg = Debug|Any CPU
		{BAC3C185-DFAE-498F-8A0A-BFED6EE38C57}.Debug|ARM.Build.0 = Debug|Any CPU
		{BAC3C185-DFAE-498F-8A0A-BFED6EE38C57}.Debug|x64.ActiveCfg = Debug|Any CPU
		{BAC3C185-DFAE-498F-8A0A-BFED6EE38C57}.Debug|x64.Build.0 = Debug|Any CPU
		{BAC3C185-DFAE-498F-8A0A-BFED6EE38C57}.Debug|x86.ActiveCfg = Debug|Any CPU
		{BAC3C185-DFAE-498F-8A0A-BFED6EE38C57}.Debug|x86.Build.0 = Debug|Any CPU
		{BAC3C185-DFAE-498F-8A0A-BFED6EE38C57}.Release|Any CPU.ActiveCfg = Release|Any CPU
		{BAC3C185-DFAE-498F-8A0A-BFED6EE38C57}.Release|Any CPU.Build.0 = Release|Any CPU
		{BAC3C185-DFAE-498F-8A0A-BFED6EE38C57}.Release|ARM.ActiveCfg = Release|Any CPU
		{BAC3C185-DFAE-498F-8A0A-BFED6EE38C57}.Release|ARM.Build.0 = Release|Any CPU
		{BAC3C185-DFAE-498F-8A0A-BFED6EE38C57}.Release|x64.ActiveCfg = Release|Any CPU
		{BAC3C185-DFAE-498F-8A0A-BFED6EE38C57}.Release|x64.Build.0 = Release|Any CPU
		{BAC3C185-DFAE-498F-8A0A-BFED6EE38C57}.Release|x86.ActiveCfg = Release|Any CPU
		{BAC3C185-DFAE-498F-8A0A-BFED6EE38C57}.Release|x86.Build.0 = Release|Any CPU
		{5E214195-8AB5-4EA0-BD39-4130C939CEC1}.Debug|Any CPU.ActiveCfg = Debug|Any CPU
		{5E214195-8AB5-4EA0-BD39-4130C939CEC1}.Debug|Any CPU.Build.0 = Debug|Any CPU
		{5E214195-8AB5-4EA0-BD39-4130C939CEC1}.Debug|ARM.ActiveCfg = Debug|Any CPU
		{5E214195-8AB5-4EA0-BD39-4130C939CEC1}.Debug|ARM.Build.0 = Debug|Any CPU
		{5E214195-8AB5-4EA0-BD39-4130C939CEC1}.Debug|x64.ActiveCfg = Debug|Any CPU
		{5E214195-8AB5-4EA0-BD39-4130C939CEC1}.Debug|x64.Build.0 = Debug|Any CPU
		{5E214195-8AB5-4EA0-BD39-4130C939CEC1}.Debug|x86.ActiveCfg = Debug|Any CPU
		{5E214195-8AB5-4EA0-BD39-4130C939CEC1}.Debug|x86.Build.0 = Debug|Any CPU
		{5E214195-8AB5-4EA0-BD39-4130C939CEC1}.Release|Any CPU.ActiveCfg = Release|Any CPU
		{5E214195-8AB5-4EA0-BD39-4130C939CEC1}.Release|Any CPU.Build.0 = Release|Any CPU
		{5E214195-8AB5-4EA0-BD39-4130C939CEC1}.Release|ARM.ActiveCfg = Release|Any CPU
		{5E214195-8AB5-4EA0-BD39-4130C939CEC1}.Release|ARM.Build.0 = Release|Any CPU
		{5E214195-8AB5-4EA0-BD39-4130C939CEC1}.Release|x64.ActiveCfg = Release|Any CPU
		{5E214195-8AB5-4EA0-BD39-4130C939CEC1}.Release|x64.Build.0 = Release|Any CPU
		{5E214195-8AB5-4EA0-BD39-4130C939CEC1}.Release|x86.ActiveCfg = Release|Any CPU
		{5E214195-8AB5-4EA0-BD39-4130C939CEC1}.Release|x86.Build.0 = Release|Any CPU
		{8D239DD7-6D94-4C59-B762-6A2DB58288D3}.Debug|Any CPU.ActiveCfg = Debug|Any CPU
		{8D239DD7-6D94-4C59-B762-6A2DB58288D3}.Debug|Any CPU.Build.0 = Debug|Any CPU
		{8D239DD7-6D94-4C59-B762-6A2DB58288D3}.Debug|ARM.ActiveCfg = Debug|Any CPU
		{8D239DD7-6D94-4C59-B762-6A2DB58288D3}.Debug|ARM.Build.0 = Debug|Any CPU
		{8D239DD7-6D94-4C59-B762-6A2DB58288D3}.Debug|x64.ActiveCfg = Debug|Any CPU
		{8D239DD7-6D94-4C59-B762-6A2DB58288D3}.Debug|x64.Build.0 = Debug|Any CPU
		{8D239DD7-6D94-4C59-B762-6A2DB58288D3}.Debug|x86.ActiveCfg = Debug|Any CPU
		{8D239DD7-6D94-4C59-B762-6A2DB58288D3}.Debug|x86.Build.0 = Debug|Any CPU
		{8D239DD7-6D94-4C59-B762-6A2DB58288D3}.Release|Any CPU.ActiveCfg = Release|Any CPU
		{8D239DD7-6D94-4C59-B762-6A2DB58288D3}.Release|Any CPU.Build.0 = Release|Any CPU
		{8D239DD7-6D94-4C59-B762-6A2DB58288D3}.Release|ARM.ActiveCfg = Release|Any CPU
		{8D239DD7-6D94-4C59-B762-6A2DB58288D3}.Release|ARM.Build.0 = Release|Any CPU
		{8D239DD7-6D94-4C59-B762-6A2DB58288D3}.Release|x64.ActiveCfg = Release|Any CPU
		{8D239DD7-6D94-4C59-B762-6A2DB58288D3}.Release|x64.Build.0 = Release|Any CPU
		{8D239DD7-6D94-4C59-B762-6A2DB58288D3}.Release|x86.ActiveCfg = Release|Any CPU
		{8D239DD7-6D94-4C59-B762-6A2DB58288D3}.Release|x86.Build.0 = Release|Any CPU
		{766D1534-CC10-45D0-9E02-E780278CB8C5}.Debug|Any CPU.ActiveCfg = Debug|Any CPU
		{766D1534-CC10-45D0-9E02-E780278CB8C5}.Debug|Any CPU.Build.0 = Debug|Any CPU
		{766D1534-CC10-45D0-9E02-E780278CB8C5}.Debug|ARM.ActiveCfg = Debug|Any CPU
		{766D1534-CC10-45D0-9E02-E780278CB8C5}.Debug|ARM.Build.0 = Debug|Any CPU
		{766D1534-CC10-45D0-9E02-E780278CB8C5}.Debug|x64.ActiveCfg = Debug|Any CPU
		{766D1534-CC10-45D0-9E02-E780278CB8C5}.Debug|x64.Build.0 = Debug|Any CPU
		{766D1534-CC10-45D0-9E02-E780278CB8C5}.Debug|x86.ActiveCfg = Debug|Any CPU
		{766D1534-CC10-45D0-9E02-E780278CB8C5}.Debug|x86.Build.0 = Debug|Any CPU
		{766D1534-CC10-45D0-9E02-E780278CB8C5}.Release|Any CPU.ActiveCfg = Release|Any CPU
		{766D1534-CC10-45D0-9E02-E780278CB8C5}.Release|Any CPU.Build.0 = Release|Any CPU
		{766D1534-CC10-45D0-9E02-E780278CB8C5}.Release|ARM.ActiveCfg = Release|Any CPU
		{766D1534-CC10-45D0-9E02-E780278CB8C5}.Release|ARM.Build.0 = Release|Any CPU
		{766D1534-CC10-45D0-9E02-E780278CB8C5}.Release|x64.ActiveCfg = Release|Any CPU
		{766D1534-CC10-45D0-9E02-E780278CB8C5}.Release|x64.Build.0 = Release|Any CPU
		{766D1534-CC10-45D0-9E02-E780278CB8C5}.Release|x86.ActiveCfg = Release|Any CPU
		{766D1534-CC10-45D0-9E02-E780278CB8C5}.Release|x86.Build.0 = Release|Any CPU
		{234E05FB-1249-4C72-ACA8-EC19E25725A8}.Debug|Any CPU.ActiveCfg = Debug|Any CPU
		{234E05FB-1249-4C72-ACA8-EC19E25725A8}.Debug|Any CPU.Build.0 = Debug|Any CPU
		{234E05FB-1249-4C72-ACA8-EC19E25725A8}.Debug|ARM.ActiveCfg = Debug|Any CPU
		{234E05FB-1249-4C72-ACA8-EC19E25725A8}.Debug|ARM.Build.0 = Debug|Any CPU
		{234E05FB-1249-4C72-ACA8-EC19E25725A8}.Debug|x64.ActiveCfg = Debug|Any CPU
		{234E05FB-1249-4C72-ACA8-EC19E25725A8}.Debug|x64.Build.0 = Debug|Any CPU
		{234E05FB-1249-4C72-ACA8-EC19E25725A8}.Debug|x86.ActiveCfg = Debug|Any CPU
		{234E05FB-1249-4C72-ACA8-EC19E25725A8}.Debug|x86.Build.0 = Debug|Any CPU
		{234E05FB-1249-4C72-ACA8-EC19E25725A8}.Release|Any CPU.ActiveCfg = Release|Any CPU
		{234E05FB-1249-4C72-ACA8-EC19E25725A8}.Release|Any CPU.Build.0 = Release|Any CPU
		{234E05FB-1249-4C72-ACA8-EC19E25725A8}.Release|ARM.ActiveCfg = Release|Any CPU
		{234E05FB-1249-4C72-ACA8-EC19E25725A8}.Release|ARM.Build.0 = Release|Any CPU
		{234E05FB-1249-4C72-ACA8-EC19E25725A8}.Release|x64.ActiveCfg = Release|Any CPU
		{234E05FB-1249-4C72-ACA8-EC19E25725A8}.Release|x64.Build.0 = Release|Any CPU
		{234E05FB-1249-4C72-ACA8-EC19E25725A8}.Release|x86.ActiveCfg = Release|Any CPU
		{234E05FB-1249-4C72-ACA8-EC19E25725A8}.Release|x86.Build.0 = Release|Any CPU
	EndGlobalSection
	GlobalSection(SolutionProperties) = preSolution
		HideSolutionNode = FALSE
	EndGlobalSection
	GlobalSection(NestedProjects) = preSolution
		{0678E1CD-03FC-4658-B5FC-9C5C65AFC3DC} = {59B38858-739C-46C7-A6CB-4D03DF0551BF}
		{F5B80959-41E5-45C7-9AA3-D4D02662C9AC} = {59B38858-739C-46C7-A6CB-4D03DF0551BF}
		{7E345EC8-408A-4255-962B-4F243CA488AF} = {59B38858-739C-46C7-A6CB-4D03DF0551BF}
		{BAC3C185-DFAE-498F-8A0A-BFED6EE38C57} = {7EE3F1C9-A615-48DB-B8B8-9C11645F7425}
		{8D239DD7-6D94-4C59-B762-6A2DB58288D3} = {D5191B95-6DA7-4C73-BEFB-5EB66B189CCB}
		{766D1534-CC10-45D0-9E02-E780278CB8C5} = {D5191B95-6DA7-4C73-BEFB-5EB66B189CCB}
		{234E05FB-1249-4C72-ACA8-EC19E25725A8} = {D5191B95-6DA7-4C73-BEFB-5EB66B189CCB}
	EndGlobalSection
	GlobalSection(ExtensibilityGlobals) = postSolution
		SolutionGuid = {740E21B4-B18D-4A36-80AA-D16F6083B12A}
	EndGlobalSection
EndGlobal
